// !$*UTF8*$!
{
	archiveVersion = 1;
	classes = {
	};
	objectVersion = 50;
	objects = {

/* Begin PBXBuildFile section */
		1092F9DF216D43FD002EE93F /* AddToCartView.swift in Sources */ = {isa = PBXBuildFile; fileRef = 1092F9DE216D43FD002EE93F /* AddToCartView.swift */; };
		1092F9E1216D4411002EE93F /* AddToCartView.xib in Resources */ = {isa = PBXBuildFile; fileRef = 1092F9E0216D4411002EE93F /* AddToCartView.xib */; };
		1092F9E4216DDEA1002EE93F /* ProductDetailsVC.swift in Sources */ = {isa = PBXBuildFile; fileRef = 1092F9E3216DDEA1002EE93F /* ProductDetailsVC.swift */; };
		1092F9E6216DE3B4002EE93F /* ImagesCell.swift in Sources */ = {isa = PBXBuildFile; fileRef = 1092F9E5216DE3B4002EE93F /* ImagesCell.swift */; };
		1092F9E8216DE564002EE93F /* ProductDetailsVC+Delegates.swift in Sources */ = {isa = PBXBuildFile; fileRef = 1092F9E7216DE564002EE93F /* ProductDetailsVC+Delegates.swift */; };
		1092F9EC216E03D5002EE93F /* ProductDetailsViewModel.swift in Sources */ = {isa = PBXBuildFile; fileRef = 1092F9EB216E03D5002EE93F /* ProductDetailsViewModel.swift */; };
		1092F9EE216E1897002EE93F /* ProfileVC.swift in Sources */ = {isa = PBXBuildFile; fileRef = 1092F9ED216E1897002EE93F /* ProfileVC.swift */; };
		1092F9F0216E1AD7002EE93F /* ProfileVC+Delegates.swift in Sources */ = {isa = PBXBuildFile; fileRef = 1092F9EF216E1AD7002EE93F /* ProfileVC+Delegates.swift */; };
		1092F9F2216E2146002EE93F /* CartCell.swift in Sources */ = {isa = PBXBuildFile; fileRef = 1092F9F1216E2146002EE93F /* CartCell.swift */; };
		1092F9F4216E21A4002EE93F /* ShoppingCartVC+Delegates.swift in Sources */ = {isa = PBXBuildFile; fileRef = 1092F9F3216E21A4002EE93F /* ShoppingCartVC+Delegates.swift */; };
		1092F9F8216E37E6002EE93F /* UITabBarItem+Extension.swift in Sources */ = {isa = PBXBuildFile; fileRef = 1092F9F7216E37E6002EE93F /* UITabBarItem+Extension.swift */; };
		1092F9F9216E39D4002EE93F /* TabBarManager.swift in Sources */ = {isa = PBXBuildFile; fileRef = 1092F9F5216E315B002EE93F /* TabBarManager.swift */; };
		1092F9FB216E3D7A002EE93F /* CartManager.swift in Sources */ = {isa = PBXBuildFile; fileRef = 1092F9FA216E3D7A002EE93F /* CartManager.swift */; };
		1092F9FD216E3F73002EE93F /* CartItem.swift in Sources */ = {isa = PBXBuildFile; fileRef = 1092F9FC216E3F73002EE93F /* CartItem.swift */; };
		10A49137216B689F00E2DBDD /* AppDelegate.swift in Sources */ = {isa = PBXBuildFile; fileRef = 10A49136216B689F00E2DBDD /* AppDelegate.swift */; };
		10A49139216B689F00E2DBDD /* SectionVC.swift in Sources */ = {isa = PBXBuildFile; fileRef = 10A49138216B689F00E2DBDD /* SectionVC.swift */; };
		10A4913C216B689F00E2DBDD /* Main.storyboard in Resources */ = {isa = PBXBuildFile; fileRef = 10A4913A216B689F00E2DBDD /* Main.storyboard */; };
		10A4913E216B68A100E2DBDD /* Assets.xcassets in Resources */ = {isa = PBXBuildFile; fileRef = 10A4913D216B68A100E2DBDD /* Assets.xcassets */; };
		10A49141216B68A100E2DBDD /* LaunchScreen.storyboard in Resources */ = {isa = PBXBuildFile; fileRef = 10A4913F216B68A100E2DBDD /* LaunchScreen.storyboard */; };
		10A4914C216B68A100E2DBDD /* RetailStoreTests.swift in Sources */ = {isa = PBXBuildFile; fileRef = 10A4914B216B68A100E2DBDD /* RetailStoreTests.swift */; };
		10A4915B216B6B1400E2DBDD /* Section.swift in Sources */ = {isa = PBXBuildFile; fileRef = 10A4915A216B6B1400E2DBDD /* Section.swift */; };
		10A4915D216B6C8200E2DBDD /* Section.json in Resources */ = {isa = PBXBuildFile; fileRef = 10A4915C216B6C8200E2DBDD /* Section.json */; };
		10A4915F216B6CE400E2DBDD /* Product.swift in Sources */ = {isa = PBXBuildFile; fileRef = 10A4915E216B6CE300E2DBDD /* Product.swift */; };
		10A49165216B6F4D00E2DBDD /* SectionCell.swift in Sources */ = {isa = PBXBuildFile; fileRef = 10A49164216B6F4C00E2DBDD /* SectionCell.swift */; };
		10A49168216B805100E2DBDD /* Response.swift in Sources */ = {isa = PBXBuildFile; fileRef = 10A49167216B805100E2DBDD /* Response.swift */; };
		10A4916A216B80EE00E2DBDD /* Configuration.swift in Sources */ = {isa = PBXBuildFile; fileRef = 10A49169216B80EE00E2DBDD /* Configuration.swift */; };
		10A4916E216B84FD00E2DBDD /* NetworkManager.swift in Sources */ = {isa = PBXBuildFile; fileRef = 10A4916B216B84FC00E2DBDD /* NetworkManager.swift */; };
		10A4916F216B84FD00E2DBDD /* URLManager.swift in Sources */ = {isa = PBXBuildFile; fileRef = 10A4916C216B84FC00E2DBDD /* URLManager.swift */; };
		10A49170216B84FD00E2DBDD /* EndPoint.swift in Sources */ = {isa = PBXBuildFile; fileRef = 10A4916D216B84FC00E2DBDD /* EndPoint.swift */; };
		10A49173216B868400E2DBDD /* ProductCell.swift in Sources */ = {isa = PBXBuildFile; fileRef = 10A49172216B868400E2DBDD /* ProductCell.swift */; };
		10A49175216B86CD00E2DBDD /* ProductsVC.swift in Sources */ = {isa = PBXBuildFile; fileRef = 10A49174216B86CD00E2DBDD /* ProductsVC.swift */; };
		10A49179216B8B1200E2DBDD /* LoadingView.xib in Resources */ = {isa = PBXBuildFile; fileRef = 10A49177216B8B1200E2DBDD /* LoadingView.xib */; };
		10A4917A216B8B1200E2DBDD /* LoadingView.swift in Sources */ = {isa = PBXBuildFile; fileRef = 10A49178216B8B1200E2DBDD /* LoadingView.swift */; };
		10A4917E216B8BAB00E2DBDD /* Navigation.swift in Sources */ = {isa = PBXBuildFile; fileRef = 10A4917C216B8BAB00E2DBDD /* Navigation.swift */; };
		10A4917F216B8BAB00E2DBDD /* ActivityIndicator.swift in Sources */ = {isa = PBXBuildFile; fileRef = 10A4917D216B8BAB00E2DBDD /* ActivityIndicator.swift */; };
		10A49182216B8DFF00E2DBDD /* PagingViewModel.swift in Sources */ = {isa = PBXBuildFile; fileRef = 10A49181216B8DFF00E2DBDD /* PagingViewModel.swift */; };
		10A49184216B8EF000E2DBDD /* Alias.swift in Sources */ = {isa = PBXBuildFile; fileRef = 10A49183216B8EF000E2DBDD /* Alias.swift */; };
		10A49186216B924900E2DBDD /* UIView+Extension.swift in Sources */ = {isa = PBXBuildFile; fileRef = 10A49185216B924900E2DBDD /* UIView+Extension.swift */; };
		10A4918A216BB87900E2DBDD /* SectionVC+Delegates.swift in Sources */ = {isa = PBXBuildFile; fileRef = 10A49189216BB87900E2DBDD /* SectionVC+Delegates.swift */; };
		10A4918C216BBA8C00E2DBDD /* StubManager.swift in Sources */ = {isa = PBXBuildFile; fileRef = 10A4918B216BBA8C00E2DBDD /* StubManager.swift */; };
		10A4918E216BC71A00E2DBDD /* ProductsVC+Delegates.swift in Sources */ = {isa = PBXBuildFile; fileRef = 10A4918D216BC71900E2DBDD /* ProductsVC+Delegates.swift */; };
		10A4919E216C626D00E2DBDD /* ShoppingCartVC.swift in Sources */ = {isa = PBXBuildFile; fileRef = 10A4919D216C626D00E2DBDD /* ShoppingCartVC.swift */; };
		10CF34F7216E794300CA464F /* Protocols.swift in Sources */ = {isa = PBXBuildFile; fileRef = 10CF34F6216E794300CA464F /* Protocols.swift */; };
		10CF34F9216E796300CA464F /* ProductDetails.swift in Sources */ = {isa = PBXBuildFile; fileRef = 10CF34F8216E796300CA464F /* ProductDetails.swift */; };
		10CF34FB216F6A8500CA464F /* StoreCartManager.swift in Sources */ = {isa = PBXBuildFile; fileRef = 10CF34FA216F6A8500CA464F /* StoreCartManager.swift */; };
		10CF34FE216F85CF00CA464F /* UIView+Constraints+Extension.swift in Sources */ = {isa = PBXBuildFile; fileRef = 10CF34FD216F85CF00CA464F /* UIView+Constraints+Extension.swift */; };
		10CF3635216FB95000CA464F /* Product-SectionId1-Page2.json in Resources */ = {isa = PBXBuildFile; fileRef = 10CF35F2216FB94F00CA464F /* Product-SectionId1-Page2.json */; };
		10CF3636216FB95000CA464F /* Product-SectionId2-Page0.json in Resources */ = {isa = PBXBuildFile; fileRef = 10CF35F3216FB94F00CA464F /* Product-SectionId2-Page0.json */; };
		10CF3637216FB95000CA464F /* Product-SectionId3-Page0.json in Resources */ = {isa = PBXBuildFile; fileRef = 10CF35F4216FB94F00CA464F /* Product-SectionId3-Page0.json */; };
		10CF3638216FB95000CA464F /* Product-SectionId1-Page0.json in Resources */ = {isa = PBXBuildFile; fileRef = 10CF35F5216FB94F00CA464F /* Product-SectionId1-Page0.json */; };
		10CF3639216FB95000CA464F /* Product-SectionId1-Page1.json in Resources */ = {isa = PBXBuildFile; fileRef = 10CF35F6216FB94F00CA464F /* Product-SectionId1-Page1.json */; };
		10CF363A216FB95000CA464F /* Product-SectionId4-Page0.json in Resources */ = {isa = PBXBuildFile; fileRef = 10CF35F7216FB94F00CA464F /* Product-SectionId4-Page0.json */; };
		10CF363B216FB95000CA464F /* ProductDetails-Id21.json in Resources */ = {isa = PBXBuildFile; fileRef = 10CF35F9216FB94F00CA464F /* ProductDetails-Id21.json */; };
		10CF363C216FB95000CA464F /* ProductDetails-Id76.json in Resources */ = {isa = PBXBuildFile; fileRef = 10CF35FA216FB94F00CA464F /* ProductDetails-Id76.json */; };
		10CF363D216FB95000CA464F /* ProductDetails-Id37.json in Resources */ = {isa = PBXBuildFile; fileRef = 10CF35FB216FB94F00CA464F /* ProductDetails-Id37.json */; };
		10CF363E216FB95000CA464F /* ProductDetails-Id4.json in Resources */ = {isa = PBXBuildFile; fileRef = 10CF35FC216FB94F00CA464F /* ProductDetails-Id4.json */; };
		10CF363F216FB95000CA464F /* ProductDetails-Id17.json in Resources */ = {isa = PBXBuildFile; fileRef = 10CF35FD216FB94F00CA464F /* ProductDetails-Id17.json */; };
		10CF3640216FB95000CA464F /* ProductDetails-Id8.json in Resources */ = {isa = PBXBuildFile; fileRef = 10CF35FE216FB94F00CA464F /* ProductDetails-Id8.json */; };
		10CF3641216FB95000CA464F /* ProductDetails-Id16.json in Resources */ = {isa = PBXBuildFile; fileRef = 10CF35FF216FB94F00CA464F /* ProductDetails-Id16.json */; };
		10CF3642216FB95000CA464F /* ProductDetails-Id9.json in Resources */ = {isa = PBXBuildFile; fileRef = 10CF3600216FB94F00CA464F /* ProductDetails-Id9.json */; };
		10CF3643216FB95000CA464F /* ProductDetails-Id82.json in Resources */ = {isa = PBXBuildFile; fileRef = 10CF3601216FB94F00CA464F /* ProductDetails-Id82.json */; };
		10CF3644216FB95000CA464F /* ProductDetails-Id5.json in Resources */ = {isa = PBXBuildFile; fileRef = 10CF3602216FB94F00CA464F /* ProductDetails-Id5.json */; };
		10CF3645216FB95000CA464F /* ProductDetails-Id36.json in Resources */ = {isa = PBXBuildFile; fileRef = 10CF3603216FB94F00CA464F /* ProductDetails-Id36.json */; };
		10CF3646216FB95000CA464F /* ProductDetails-Id61.json in Resources */ = {isa = PBXBuildFile; fileRef = 10CF3604216FB94F00CA464F /* ProductDetails-Id61.json */; };
		10CF3647216FB95000CA464F /* ProductDetails-Id77.json in Resources */ = {isa = PBXBuildFile; fileRef = 10CF3605216FB94F00CA464F /* ProductDetails-Id77.json */; };
		10CF3648216FB95000CA464F /* ProductDetails-Id20.json in Resources */ = {isa = PBXBuildFile; fileRef = 10CF3606216FB94F00CA464F /* ProductDetails-Id20.json */; };
		10CF3649216FB95000CA464F /* ProductDetails-Id46.json in Resources */ = {isa = PBXBuildFile; fileRef = 10CF3607216FB94F00CA464F /* ProductDetails-Id46.json */; };
		10CF364A216FB95000CA464F /* ProductDetails-Id11.json in Resources */ = {isa = PBXBuildFile; fileRef = 10CF3608216FB94F00CA464F /* ProductDetails-Id11.json */; };
		10CF364B216FB95000CA464F /* ProductDetails-Id50.json in Resources */ = {isa = PBXBuildFile; fileRef = 10CF3609216FB94F00CA464F /* ProductDetails-Id50.json */; };
		10CF364C216FB95000CA464F /* ProductDetails-Id27.json in Resources */ = {isa = PBXBuildFile; fileRef = 10CF360A216FB94F00CA464F /* ProductDetails-Id27.json */; };
		10CF364D216FB95000CA464F /* ProductDetails-Id66.json in Resources */ = {isa = PBXBuildFile; fileRef = 10CF360B216FB94F00CA464F /* ProductDetails-Id66.json */; };
		10CF364E216FB95000CA464F /* ProductDetails-Id31.json in Resources */ = {isa = PBXBuildFile; fileRef = 10CF360C216FB94F00CA464F /* ProductDetails-Id31.json */; };
		10CF364F216FB95000CA464F /* ProductDetails-Id2.json in Resources */ = {isa = PBXBuildFile; fileRef = 10CF360D216FB94F00CA464F /* ProductDetails-Id2.json */; };
		10CF3650216FB95000CA464F /* ProductDetails-Id3.json in Resources */ = {isa = PBXBuildFile; fileRef = 10CF360E216FB94F00CA464F /* ProductDetails-Id3.json */; };
		10CF3651216FB95000CA464F /* ProductDetails-Id30.json in Resources */ = {isa = PBXBuildFile; fileRef = 10CF360F216FB94F00CA464F /* ProductDetails-Id30.json */; };
		10CF3652216FB95000CA464F /* ProductDetails-Id67.json in Resources */ = {isa = PBXBuildFile; fileRef = 10CF3610216FB94F00CA464F /* ProductDetails-Id67.json */; };
		10CF3653216FB95000CA464F /* ProductDetails-Id26.json in Resources */ = {isa = PBXBuildFile; fileRef = 10CF3611216FB94F00CA464F /* ProductDetails-Id26.json */; };
		10CF3654216FB95000CA464F /* ProductDetails-Id51.json in Resources */ = {isa = PBXBuildFile; fileRef = 10CF3612216FB94F00CA464F /* ProductDetails-Id51.json */; };
		10CF3655216FB95000CA464F /* ProductDetails-Id10.json in Resources */ = {isa = PBXBuildFile; fileRef = 10CF3613216FB94F00CA464F /* ProductDetails-Id10.json */; };
		10CF3656216FB95000CA464F /* ProductDetails-Id47.json in Resources */ = {isa = PBXBuildFile; fileRef = 10CF3614216FB94F00CA464F /* ProductDetails-Id47.json */; };
		10CF3657216FB95000CA464F /* ProductDetails-Id52.json in Resources */ = {isa = PBXBuildFile; fileRef = 10CF3615216FB94F00CA464F /* ProductDetails-Id52.json */; };
		10CF3658216FB95000CA464F /* ProductDetails-Id13.json in Resources */ = {isa = PBXBuildFile; fileRef = 10CF3616216FB94F00CA464F /* ProductDetails-Id13.json */; };
		10CF3659216FB95000CA464F /* ProductDetails-Id29.json in Resources */ = {isa = PBXBuildFile; fileRef = 10CF3617216FB94F00CA464F /* ProductDetails-Id29.json */; };
		10CF365A216FB95000CA464F /* ProductDetails-Id48.json in Resources */ = {isa = PBXBuildFile; fileRef = 10CF3618216FB94F00CA464F /* ProductDetails-Id48.json */; };
		10CF365B216FB95000CA464F /* ProductDetails-Id33.json in Resources */ = {isa = PBXBuildFile; fileRef = 10CF3619216FB94F00CA464F /* ProductDetails-Id33.json */; };
		10CF365C216FB95000CA464F /* ProductDetails-Id64.json in Resources */ = {isa = PBXBuildFile; fileRef = 10CF361A216FB94F00CA464F /* ProductDetails-Id64.json */; };
		10CF365D216FB95000CA464F /* ProductDetails-Id25.json in Resources */ = {isa = PBXBuildFile; fileRef = 10CF361B216FB94F00CA464F /* ProductDetails-Id25.json */; };
		10CF365E216FB95000CA464F /* ProductDetails-Id24.json in Resources */ = {isa = PBXBuildFile; fileRef = 10CF361C216FB94F00CA464F /* ProductDetails-Id24.json */; };
		10CF365F216FB95000CA464F /* ProductDetails-Id65.json in Resources */ = {isa = PBXBuildFile; fileRef = 10CF361D216FB94F00CA464F /* ProductDetails-Id65.json */; };
		10CF3660216FB95000CA464F /* ProductDetails-Id32.json in Resources */ = {isa = PBXBuildFile; fileRef = 10CF361E216FB94F00CA464F /* ProductDetails-Id32.json */; };
		10CF3661216FB95000CA464F /* ProductDetails-Id49.json in Resources */ = {isa = PBXBuildFile; fileRef = 10CF361F216FB94F00CA464F /* ProductDetails-Id49.json */; };
		10CF3662216FB95000CA464F /* ProductDetails-Id1.json in Resources */ = {isa = PBXBuildFile; fileRef = 10CF3620216FB94F00CA464F /* ProductDetails-Id1.json */; };
		10CF3663216FB95000CA464F /* ProductDetails-Id28.json in Resources */ = {isa = PBXBuildFile; fileRef = 10CF3621216FB94F00CA464F /* ProductDetails-Id28.json */; };
		10CF3664216FB95000CA464F /* ProductDetails-Id12.json in Resources */ = {isa = PBXBuildFile; fileRef = 10CF3622216FB94F00CA464F /* ProductDetails-Id12.json */; };
		10CF3665216FB95000CA464F /* ProductDetails-Id53.json in Resources */ = {isa = PBXBuildFile; fileRef = 10CF3623216FB94F00CA464F /* ProductDetails-Id53.json */; };
		10CF3666216FB95000CA464F /* ProductDetails-Id6.json in Resources */ = {isa = PBXBuildFile; fileRef = 10CF3624216FB94F00CA464F /* ProductDetails-Id6.json */; };
		10CF3667216FB95000CA464F /* ProductDetails-Id19.json in Resources */ = {isa = PBXBuildFile; fileRef = 10CF3625216FB94F00CA464F /* ProductDetails-Id19.json */; };
		10CF3668216FB95000CA464F /* ProductDetails-Id35.json in Resources */ = {isa = PBXBuildFile; fileRef = 10CF3626216FB94F00CA464F /* ProductDetails-Id35.json */; };
		10CF3669216FB95000CA464F /* ProductDetails-Id62.json in Resources */ = {isa = PBXBuildFile; fileRef = 10CF3627216FB94F00CA464F /* ProductDetails-Id62.json */; };
		10CF366A216FB95000CA464F /* ProductDetails-Id23.json in Resources */ = {isa = PBXBuildFile; fileRef = 10CF3628216FB94F00CA464F /* ProductDetails-Id23.json */; };
		10CF366B216FB95000CA464F /* ProductDetails-Id54.json in Resources */ = {isa = PBXBuildFile; fileRef = 10CF3629216FB94F00CA464F /* ProductDetails-Id54.json */; };
		10CF366C216FB95000CA464F /* ProductDetails-Id15.json in Resources */ = {isa = PBXBuildFile; fileRef = 10CF362A216FB94F00CA464F /* ProductDetails-Id15.json */; };
		10CF366D216FB95000CA464F /* ProductDetails-Id81.json in Resources */ = {isa = PBXBuildFile; fileRef = 10CF362B216FB94F00CA464F /* ProductDetails-Id81.json */; };
		10CF366E216FB95000CA464F /* ProductDetails-Id78.json in Resources */ = {isa = PBXBuildFile; fileRef = 10CF362C216FB94F00CA464F /* ProductDetails-Id78.json */; };
		10CF366F216FB95000CA464F /* ProductDetails-Id79.json in Resources */ = {isa = PBXBuildFile; fileRef = 10CF362D216FB94F00CA464F /* ProductDetails-Id79.json */; };
		10CF3670216FB95000CA464F /* ProductDetails-Id80.json in Resources */ = {isa = PBXBuildFile; fileRef = 10CF362E216FB94F00CA464F /* ProductDetails-Id80.json */; };
		10CF3671216FB95000CA464F /* ProductDetails-Id14.json in Resources */ = {isa = PBXBuildFile; fileRef = 10CF362F216FB94F00CA464F /* ProductDetails-Id14.json */; };
		10CF3672216FB95000CA464F /* ProductDetails-Id22.json in Resources */ = {isa = PBXBuildFile; fileRef = 10CF3630216FB94F00CA464F /* ProductDetails-Id22.json */; };
		10CF3673216FB95000CA464F /* ProductDetails-Id63.json in Resources */ = {isa = PBXBuildFile; fileRef = 10CF3631216FB94F00CA464F /* ProductDetails-Id63.json */; };
		10CF3674216FB95000CA464F /* ProductDetails-Id34.json in Resources */ = {isa = PBXBuildFile; fileRef = 10CF3632216FB94F00CA464F /* ProductDetails-Id34.json */; };
		10CF3675216FB95000CA464F /* ProductDetails-Id7.json in Resources */ = {isa = PBXBuildFile; fileRef = 10CF3633216FB94F00CA464F /* ProductDetails-Id7.json */; };
		10CF3676216FB95000CA464F /* ProductDetails-Id18.json in Resources */ = {isa = PBXBuildFile; fileRef = 10CF3634216FB94F00CA464F /* ProductDetails-Id18.json */; };
		10CF3678216FB97500CA464F /* stub_generator.py in Resources */ = {isa = PBXBuildFile; fileRef = 10CF3677216FB97500CA464F /* stub_generator.py */; };
/* End PBXBuildFile section */

/* Begin PBXContainerItemProxy section */
		10A49148216B68A100E2DBDD /* PBXContainerItemProxy */ = {
			isa = PBXContainerItemProxy;
			containerPortal = 10A4912B216B689F00E2DBDD /* Project object */;
			proxyType = 1;
			remoteGlobalIDString = 10A49132216B689F00E2DBDD;
			remoteInfo = RetailStore;
		};
/* End PBXContainerItemProxy section */

/* Begin PBXFileReference section */
		1092F9DE216D43FD002EE93F /* AddToCartView.swift */ = {isa = PBXFileReference; lastKnownFileType = sourcecode.swift; path = AddToCartView.swift; sourceTree = "<group>"; };
		1092F9E0216D4411002EE93F /* AddToCartView.xib */ = {isa = PBXFileReference; lastKnownFileType = file.xib; path = AddToCartView.xib; sourceTree = "<group>"; };
		1092F9E3216DDEA1002EE93F /* ProductDetailsVC.swift */ = {isa = PBXFileReference; lastKnownFileType = sourcecode.swift; path = ProductDetailsVC.swift; sourceTree = "<group>"; };
		1092F9E5216DE3B4002EE93F /* ImagesCell.swift */ = {isa = PBXFileReference; lastKnownFileType = sourcecode.swift; path = ImagesCell.swift; sourceTree = "<group>"; };
		1092F9E7216DE564002EE93F /* ProductDetailsVC+Delegates.swift */ = {isa = PBXFileReference; lastKnownFileType = sourcecode.swift; path = "ProductDetailsVC+Delegates.swift"; sourceTree = "<group>"; };
		1092F9EB216E03D5002EE93F /* ProductDetailsViewModel.swift */ = {isa = PBXFileReference; lastKnownFileType = sourcecode.swift; path = ProductDetailsViewModel.swift; sourceTree = "<group>"; };
		1092F9ED216E1897002EE93F /* ProfileVC.swift */ = {isa = PBXFileReference; fileEncoding = 4; lastKnownFileType = sourcecode.swift; path = ProfileVC.swift; sourceTree = "<group>"; };
		1092F9EF216E1AD7002EE93F /* ProfileVC+Delegates.swift */ = {isa = PBXFileReference; lastKnownFileType = sourcecode.swift; path = "ProfileVC+Delegates.swift"; sourceTree = "<group>"; };
		1092F9F1216E2146002EE93F /* CartCell.swift */ = {isa = PBXFileReference; fileEncoding = 4; lastKnownFileType = sourcecode.swift; path = CartCell.swift; sourceTree = "<group>"; };
		1092F9F3216E21A4002EE93F /* ShoppingCartVC+Delegates.swift */ = {isa = PBXFileReference; lastKnownFileType = sourcecode.swift; path = "ShoppingCartVC+Delegates.swift"; sourceTree = "<group>"; };
		1092F9F5216E315B002EE93F /* TabBarManager.swift */ = {isa = PBXFileReference; lastKnownFileType = sourcecode.swift; path = TabBarManager.swift; sourceTree = "<group>"; };
		1092F9F7216E37E6002EE93F /* UITabBarItem+Extension.swift */ = {isa = PBXFileReference; lastKnownFileType = sourcecode.swift; path = "UITabBarItem+Extension.swift"; sourceTree = "<group>"; };
		1092F9FA216E3D7A002EE93F /* CartManager.swift */ = {isa = PBXFileReference; lastKnownFileType = sourcecode.swift; path = CartManager.swift; sourceTree = "<group>"; };
		1092F9FC216E3F73002EE93F /* CartItem.swift */ = {isa = PBXFileReference; lastKnownFileType = sourcecode.swift; path = CartItem.swift; sourceTree = "<group>"; };
		10A49133216B689F00E2DBDD /* RetailStore.app */ = {isa = PBXFileReference; explicitFileType = wrapper.application; includeInIndex = 0; path = RetailStore.app; sourceTree = BUILT_PRODUCTS_DIR; };
		10A49136216B689F00E2DBDD /* AppDelegate.swift */ = {isa = PBXFileReference; lastKnownFileType = sourcecode.swift; path = AppDelegate.swift; sourceTree = "<group>"; };
		10A49138216B689F00E2DBDD /* SectionVC.swift */ = {isa = PBXFileReference; lastKnownFileType = sourcecode.swift; path = SectionVC.swift; sourceTree = "<group>"; };
		10A4913B216B689F00E2DBDD /* Base */ = {isa = PBXFileReference; lastKnownFileType = file.storyboard; name = Base; path = Base.lproj/Main.storyboard; sourceTree = "<group>"; };
		10A4913D216B68A100E2DBDD /* Assets.xcassets */ = {isa = PBXFileReference; lastKnownFileType = folder.assetcatalog; path = Assets.xcassets; sourceTree = "<group>"; };
		10A49140216B68A100E2DBDD /* Base */ = {isa = PBXFileReference; lastKnownFileType = file.storyboard; name = Base; path = Base.lproj/LaunchScreen.storyboard; sourceTree = "<group>"; };
		10A49142216B68A100E2DBDD /* Info.plist */ = {isa = PBXFileReference; lastKnownFileType = text.plist.xml; path = Info.plist; sourceTree = "<group>"; };
		10A49147216B68A100E2DBDD /* RetailStoreTests.xctest */ = {isa = PBXFileReference; explicitFileType = wrapper.cfbundle; includeInIndex = 0; path = RetailStoreTests.xctest; sourceTree = BUILT_PRODUCTS_DIR; };
		10A4914B216B68A100E2DBDD /* RetailStoreTests.swift */ = {isa = PBXFileReference; lastKnownFileType = sourcecode.swift; path = RetailStoreTests.swift; sourceTree = "<group>"; };
		10A4914D216B68A100E2DBDD /* Info.plist */ = {isa = PBXFileReference; lastKnownFileType = text.plist.xml; path = Info.plist; sourceTree = "<group>"; };
		10A49156216B68B600E2DBDD /* Requirement.pdf */ = {isa = PBXFileReference; lastKnownFileType = image.pdf; path = Requirement.pdf; sourceTree = "<group>"; };
		10A4915A216B6B1400E2DBDD /* Section.swift */ = {isa = PBXFileReference; lastKnownFileType = sourcecode.swift; path = Section.swift; sourceTree = "<group>"; };
		10A4915C216B6C8200E2DBDD /* Section.json */ = {isa = PBXFileReference; fileEncoding = 4; lastKnownFileType = text.json; path = Section.json; sourceTree = "<group>"; };
		10A4915E216B6CE300E2DBDD /* Product.swift */ = {isa = PBXFileReference; lastKnownFileType = sourcecode.swift; path = Product.swift; sourceTree = "<group>"; };
		10A49164216B6F4C00E2DBDD /* SectionCell.swift */ = {isa = PBXFileReference; lastKnownFileType = sourcecode.swift; path = SectionCell.swift; sourceTree = "<group>"; };
		10A49167216B805100E2DBDD /* Response.swift */ = {isa = PBXFileReference; lastKnownFileType = sourcecode.swift; path = Response.swift; sourceTree = "<group>"; };
		10A49169216B80EE00E2DBDD /* Configuration.swift */ = {isa = PBXFileReference; lastKnownFileType = sourcecode.swift; path = Configuration.swift; sourceTree = "<group>"; };
		10A4916B216B84FC00E2DBDD /* NetworkManager.swift */ = {isa = PBXFileReference; fileEncoding = 4; lastKnownFileType = sourcecode.swift; path = NetworkManager.swift; sourceTree = "<group>"; };
		10A4916C216B84FC00E2DBDD /* URLManager.swift */ = {isa = PBXFileReference; fileEncoding = 4; lastKnownFileType = sourcecode.swift; path = URLManager.swift; sourceTree = "<group>"; };
		10A4916D216B84FC00E2DBDD /* EndPoint.swift */ = {isa = PBXFileReference; fileEncoding = 4; lastKnownFileType = sourcecode.swift; path = EndPoint.swift; sourceTree = "<group>"; };
		10A49172216B868400E2DBDD /* ProductCell.swift */ = {isa = PBXFileReference; lastKnownFileType = sourcecode.swift; path = ProductCell.swift; sourceTree = "<group>"; };
		10A49174216B86CD00E2DBDD /* ProductsVC.swift */ = {isa = PBXFileReference; lastKnownFileType = sourcecode.swift; path = ProductsVC.swift; sourceTree = "<group>"; };
		10A49177216B8B1200E2DBDD /* LoadingView.xib */ = {isa = PBXFileReference; fileEncoding = 4; lastKnownFileType = file.xib; path = LoadingView.xib; sourceTree = "<group>"; };
		10A49178216B8B1200E2DBDD /* LoadingView.swift */ = {isa = PBXFileReference; fileEncoding = 4; lastKnownFileType = sourcecode.swift; path = LoadingView.swift; sourceTree = "<group>"; };
		10A4917C216B8BAB00E2DBDD /* Navigation.swift */ = {isa = PBXFileReference; fileEncoding = 4; lastKnownFileType = sourcecode.swift; path = Navigation.swift; sourceTree = "<group>"; };
		10A4917D216B8BAB00E2DBDD /* ActivityIndicator.swift */ = {isa = PBXFileReference; fileEncoding = 4; lastKnownFileType = sourcecode.swift; path = ActivityIndicator.swift; sourceTree = "<group>"; };
		10A49181216B8DFF00E2DBDD /* PagingViewModel.swift */ = {isa = PBXFileReference; lastKnownFileType = sourcecode.swift; path = PagingViewModel.swift; sourceTree = "<group>"; };
		10A49183216B8EF000E2DBDD /* Alias.swift */ = {isa = PBXFileReference; lastKnownFileType = sourcecode.swift; path = Alias.swift; sourceTree = "<group>"; };
		10A49185216B924900E2DBDD /* UIView+Extension.swift */ = {isa = PBXFileReference; lastKnownFileType = sourcecode.swift; path = "UIView+Extension.swift"; sourceTree = "<group>"; };
		10A49189216BB87900E2DBDD /* SectionVC+Delegates.swift */ = {isa = PBXFileReference; lastKnownFileType = sourcecode.swift; path = "SectionVC+Delegates.swift"; sourceTree = "<group>"; };
		10A4918B216BBA8C00E2DBDD /* StubManager.swift */ = {isa = PBXFileReference; lastKnownFileType = sourcecode.swift; path = StubManager.swift; sourceTree = "<group>"; };
		10A4918D216BC71900E2DBDD /* ProductsVC+Delegates.swift */ = {isa = PBXFileReference; lastKnownFileType = sourcecode.swift; path = "ProductsVC+Delegates.swift"; sourceTree = "<group>"; };
		10A4919D216C626D00E2DBDD /* ShoppingCartVC.swift */ = {isa = PBXFileReference; lastKnownFileType = sourcecode.swift; path = ShoppingCartVC.swift; sourceTree = "<group>"; };
		10CF34F6216E794300CA464F /* Protocols.swift */ = {isa = PBXFileReference; lastKnownFileType = sourcecode.swift; path = Protocols.swift; sourceTree = "<group>"; };
		10CF34F8216E796300CA464F /* ProductDetails.swift */ = {isa = PBXFileReference; lastKnownFileType = sourcecode.swift; path = ProductDetails.swift; sourceTree = "<group>"; };
		10CF34FA216F6A8500CA464F /* StoreCartManager.swift */ = {isa = PBXFileReference; lastKnownFileType = sourcecode.swift; path = StoreCartManager.swift; sourceTree = "<group>"; };
		10CF34FD216F85CF00CA464F /* UIView+Constraints+Extension.swift */ = {isa = PBXFileReference; lastKnownFileType = sourcecode.swift; path = "UIView+Constraints+Extension.swift"; sourceTree = "<group>"; };
		10CF35F2216FB94F00CA464F /* Product-SectionId1-Page2.json */ = {isa = PBXFileReference; fileEncoding = 4; lastKnownFileType = text.json; path = "Product-SectionId1-Page2.json"; sourceTree = "<group>"; };
		10CF35F3216FB94F00CA464F /* Product-SectionId2-Page0.json */ = {isa = PBXFileReference; fileEncoding = 4; lastKnownFileType = text.json; path = "Product-SectionId2-Page0.json"; sourceTree = "<group>"; };
		10CF35F4216FB94F00CA464F /* Product-SectionId3-Page0.json */ = {isa = PBXFileReference; fileEncoding = 4; lastKnownFileType = text.json; path = "Product-SectionId3-Page0.json"; sourceTree = "<group>"; };
		10CF35F5216FB94F00CA464F /* Product-SectionId1-Page0.json */ = {isa = PBXFileReference; fileEncoding = 4; lastKnownFileType = text.json; path = "Product-SectionId1-Page0.json"; sourceTree = "<group>"; };
		10CF35F6216FB94F00CA464F /* Product-SectionId1-Page1.json */ = {isa = PBXFileReference; fileEncoding = 4; lastKnownFileType = text.json; path = "Product-SectionId1-Page1.json"; sourceTree = "<group>"; };
		10CF35F7216FB94F00CA464F /* Product-SectionId4-Page0.json */ = {isa = PBXFileReference; fileEncoding = 4; lastKnownFileType = text.json; path = "Product-SectionId4-Page0.json"; sourceTree = "<group>"; };
		10CF35F9216FB94F00CA464F /* ProductDetails-Id21.json */ = {isa = PBXFileReference; fileEncoding = 4; lastKnownFileType = text.json; path = "ProductDetails-Id21.json"; sourceTree = "<group>"; };
		10CF35FA216FB94F00CA464F /* ProductDetails-Id76.json */ = {isa = PBXFileReference; fileEncoding = 4; lastKnownFileType = text.json; path = "ProductDetails-Id76.json"; sourceTree = "<group>"; };
		10CF35FB216FB94F00CA464F /* ProductDetails-Id37.json */ = {isa = PBXFileReference; fileEncoding = 4; lastKnownFileType = text.json; path = "ProductDetails-Id37.json"; sourceTree = "<group>"; };
		10CF35FC216FB94F00CA464F /* ProductDetails-Id4.json */ = {isa = PBXFileReference; fileEncoding = 4; lastKnownFileType = text.json; path = "ProductDetails-Id4.json"; sourceTree = "<group>"; };
		10CF35FD216FB94F00CA464F /* ProductDetails-Id17.json */ = {isa = PBXFileReference; fileEncoding = 4; lastKnownFileType = text.json; path = "ProductDetails-Id17.json"; sourceTree = "<group>"; };
		10CF35FE216FB94F00CA464F /* ProductDetails-Id8.json */ = {isa = PBXFileReference; fileEncoding = 4; lastKnownFileType = text.json; path = "ProductDetails-Id8.json"; sourceTree = "<group>"; };
		10CF35FF216FB94F00CA464F /* ProductDetails-Id16.json */ = {isa = PBXFileReference; fileEncoding = 4; lastKnownFileType = text.json; path = "ProductDetails-Id16.json"; sourceTree = "<group>"; };
		10CF3600216FB94F00CA464F /* ProductDetails-Id9.json */ = {isa = PBXFileReference; fileEncoding = 4; lastKnownFileType = text.json; path = "ProductDetails-Id9.json"; sourceTree = "<group>"; };
		10CF3601216FB94F00CA464F /* ProductDetails-Id82.json */ = {isa = PBXFileReference; fileEncoding = 4; lastKnownFileType = text.json; path = "ProductDetails-Id82.json"; sourceTree = "<group>"; };
		10CF3602216FB94F00CA464F /* ProductDetails-Id5.json */ = {isa = PBXFileReference; fileEncoding = 4; lastKnownFileType = text.json; path = "ProductDetails-Id5.json"; sourceTree = "<group>"; };
		10CF3603216FB94F00CA464F /* ProductDetails-Id36.json */ = {isa = PBXFileReference; fileEncoding = 4; lastKnownFileType = text.json; path = "ProductDetails-Id36.json"; sourceTree = "<group>"; };
		10CF3604216FB94F00CA464F /* ProductDetails-Id61.json */ = {isa = PBXFileReference; fileEncoding = 4; lastKnownFileType = text.json; path = "ProductDetails-Id61.json"; sourceTree = "<group>"; };
		10CF3605216FB94F00CA464F /* ProductDetails-Id77.json */ = {isa = PBXFileReference; fileEncoding = 4; lastKnownFileType = text.json; path = "ProductDetails-Id77.json"; sourceTree = "<group>"; };
		10CF3606216FB94F00CA464F /* ProductDetails-Id20.json */ = {isa = PBXFileReference; fileEncoding = 4; lastKnownFileType = text.json; path = "ProductDetails-Id20.json"; sourceTree = "<group>"; };
		10CF3607216FB94F00CA464F /* ProductDetails-Id46.json */ = {isa = PBXFileReference; fileEncoding = 4; lastKnownFileType = text.json; path = "ProductDetails-Id46.json"; sourceTree = "<group>"; };
		10CF3608216FB94F00CA464F /* ProductDetails-Id11.json */ = {isa = PBXFileReference; fileEncoding = 4; lastKnownFileType = text.json; path = "ProductDetails-Id11.json"; sourceTree = "<group>"; };
		10CF3609216FB94F00CA464F /* ProductDetails-Id50.json */ = {isa = PBXFileReference; fileEncoding = 4; lastKnownFileType = text.json; path = "ProductDetails-Id50.json"; sourceTree = "<group>"; };
		10CF360A216FB94F00CA464F /* ProductDetails-Id27.json */ = {isa = PBXFileReference; fileEncoding = 4; lastKnownFileType = text.json; path = "ProductDetails-Id27.json"; sourceTree = "<group>"; };
		10CF360B216FB94F00CA464F /* ProductDetails-Id66.json */ = {isa = PBXFileReference; fileEncoding = 4; lastKnownFileType = text.json; path = "ProductDetails-Id66.json"; sourceTree = "<group>"; };
		10CF360C216FB94F00CA464F /* ProductDetails-Id31.json */ = {isa = PBXFileReference; fileEncoding = 4; lastKnownFileType = text.json; path = "ProductDetails-Id31.json"; sourceTree = "<group>"; };
		10CF360D216FB94F00CA464F /* ProductDetails-Id2.json */ = {isa = PBXFileReference; fileEncoding = 4; lastKnownFileType = text.json; path = "ProductDetails-Id2.json"; sourceTree = "<group>"; };
		10CF360E216FB94F00CA464F /* ProductDetails-Id3.json */ = {isa = PBXFileReference; fileEncoding = 4; lastKnownFileType = text.json; path = "ProductDetails-Id3.json"; sourceTree = "<group>"; };
		10CF360F216FB94F00CA464F /* ProductDetails-Id30.json */ = {isa = PBXFileReference; fileEncoding = 4; lastKnownFileType = text.json; path = "ProductDetails-Id30.json"; sourceTree = "<group>"; };
		10CF3610216FB94F00CA464F /* ProductDetails-Id67.json */ = {isa = PBXFileReference; fileEncoding = 4; lastKnownFileType = text.json; path = "ProductDetails-Id67.json"; sourceTree = "<group>"; };
		10CF3611216FB94F00CA464F /* ProductDetails-Id26.json */ = {isa = PBXFileReference; fileEncoding = 4; lastKnownFileType = text.json; path = "ProductDetails-Id26.json"; sourceTree = "<group>"; };
		10CF3612216FB94F00CA464F /* ProductDetails-Id51.json */ = {isa = PBXFileReference; fileEncoding = 4; lastKnownFileType = text.json; path = "ProductDetails-Id51.json"; sourceTree = "<group>"; };
		10CF3613216FB94F00CA464F /* ProductDetails-Id10.json */ = {isa = PBXFileReference; fileEncoding = 4; lastKnownFileType = text.json; path = "ProductDetails-Id10.json"; sourceTree = "<group>"; };
		10CF3614216FB94F00CA464F /* ProductDetails-Id47.json */ = {isa = PBXFileReference; fileEncoding = 4; lastKnownFileType = text.json; path = "ProductDetails-Id47.json"; sourceTree = "<group>"; };
		10CF3615216FB94F00CA464F /* ProductDetails-Id52.json */ = {isa = PBXFileReference; fileEncoding = 4; lastKnownFileType = text.json; path = "ProductDetails-Id52.json"; sourceTree = "<group>"; };
		10CF3616216FB94F00CA464F /* ProductDetails-Id13.json */ = {isa = PBXFileReference; fileEncoding = 4; lastKnownFileType = text.json; path = "ProductDetails-Id13.json"; sourceTree = "<group>"; };
		10CF3617216FB94F00CA464F /* ProductDetails-Id29.json */ = {isa = PBXFileReference; fileEncoding = 4; lastKnownFileType = text.json; path = "ProductDetails-Id29.json"; sourceTree = "<group>"; };
		10CF3618216FB94F00CA464F /* ProductDetails-Id48.json */ = {isa = PBXFileReference; fileEncoding = 4; lastKnownFileType = text.json; path = "ProductDetails-Id48.json"; sourceTree = "<group>"; };
		10CF3619216FB94F00CA464F /* ProductDetails-Id33.json */ = {isa = PBXFileReference; fileEncoding = 4; lastKnownFileType = text.json; path = "ProductDetails-Id33.json"; sourceTree = "<group>"; };
		10CF361A216FB94F00CA464F /* ProductDetails-Id64.json */ = {isa = PBXFileReference; fileEncoding = 4; lastKnownFileType = text.json; path = "ProductDetails-Id64.json"; sourceTree = "<group>"; };
		10CF361B216FB94F00CA464F /* ProductDetails-Id25.json */ = {isa = PBXFileReference; fileEncoding = 4; lastKnownFileType = text.json; path = "ProductDetails-Id25.json"; sourceTree = "<group>"; };
		10CF361C216FB94F00CA464F /* ProductDetails-Id24.json */ = {isa = PBXFileReference; fileEncoding = 4; lastKnownFileType = text.json; path = "ProductDetails-Id24.json"; sourceTree = "<group>"; };
		10CF361D216FB94F00CA464F /* ProductDetails-Id65.json */ = {isa = PBXFileReference; fileEncoding = 4; lastKnownFileType = text.json; path = "ProductDetails-Id65.json"; sourceTree = "<group>"; };
		10CF361E216FB94F00CA464F /* ProductDetails-Id32.json */ = {isa = PBXFileReference; fileEncoding = 4; lastKnownFileType = text.json; path = "ProductDetails-Id32.json"; sourceTree = "<group>"; };
		10CF361F216FB94F00CA464F /* ProductDetails-Id49.json */ = {isa = PBXFileReference; fileEncoding = 4; lastKnownFileType = text.json; path = "ProductDetails-Id49.json"; sourceTree = "<group>"; };
		10CF3620216FB94F00CA464F /* ProductDetails-Id1.json */ = {isa = PBXFileReference; fileEncoding = 4; lastKnownFileType = text.json; path = "ProductDetails-Id1.json"; sourceTree = "<group>"; };
		10CF3621216FB94F00CA464F /* ProductDetails-Id28.json */ = {isa = PBXFileReference; fileEncoding = 4; lastKnownFileType = text.json; path = "ProductDetails-Id28.json"; sourceTree = "<group>"; };
		10CF3622216FB94F00CA464F /* ProductDetails-Id12.json */ = {isa = PBXFileReference; fileEncoding = 4; lastKnownFileType = text.json; path = "ProductDetails-Id12.json"; sourceTree = "<group>"; };
		10CF3623216FB94F00CA464F /* ProductDetails-Id53.json */ = {isa = PBXFileReference; fileEncoding = 4; lastKnownFileType = text.json; path = "ProductDetails-Id53.json"; sourceTree = "<group>"; };
		10CF3624216FB94F00CA464F /* ProductDetails-Id6.json */ = {isa = PBXFileReference; fileEncoding = 4; lastKnownFileType = text.json; path = "ProductDetails-Id6.json"; sourceTree = "<group>"; };
		10CF3625216FB94F00CA464F /* ProductDetails-Id19.json */ = {isa = PBXFileReference; fileEncoding = 4; lastKnownFileType = text.json; path = "ProductDetails-Id19.json"; sourceTree = "<group>"; };
		10CF3626216FB94F00CA464F /* ProductDetails-Id35.json */ = {isa = PBXFileReference; fileEncoding = 4; lastKnownFileType = text.json; path = "ProductDetails-Id35.json"; sourceTree = "<group>"; };
		10CF3627216FB94F00CA464F /* ProductDetails-Id62.json */ = {isa = PBXFileReference; fileEncoding = 4; lastKnownFileType = text.json; path = "ProductDetails-Id62.json"; sourceTree = "<group>"; };
		10CF3628216FB94F00CA464F /* ProductDetails-Id23.json */ = {isa = PBXFileReference; fileEncoding = 4; lastKnownFileType = text.json; path = "ProductDetails-Id23.json"; sourceTree = "<group>"; };
		10CF3629216FB94F00CA464F /* ProductDetails-Id54.json */ = {isa = PBXFileReference; fileEncoding = 4; lastKnownFileType = text.json; path = "ProductDetails-Id54.json"; sourceTree = "<group>"; };
		10CF362A216FB94F00CA464F /* ProductDetails-Id15.json */ = {isa = PBXFileReference; fileEncoding = 4; lastKnownFileType = text.json; path = "ProductDetails-Id15.json"; sourceTree = "<group>"; };
		10CF362B216FB94F00CA464F /* ProductDetails-Id81.json */ = {isa = PBXFileReference; fileEncoding = 4; lastKnownFileType = text.json; path = "ProductDetails-Id81.json"; sourceTree = "<group>"; };
		10CF362C216FB94F00CA464F /* ProductDetails-Id78.json */ = {isa = PBXFileReference; fileEncoding = 4; lastKnownFileType = text.json; path = "ProductDetails-Id78.json"; sourceTree = "<group>"; };
		10CF362D216FB94F00CA464F /* ProductDetails-Id79.json */ = {isa = PBXFileReference; fileEncoding = 4; lastKnownFileType = text.json; path = "ProductDetails-Id79.json"; sourceTree = "<group>"; };
		10CF362E216FB94F00CA464F /* ProductDetails-Id80.json */ = {isa = PBXFileReference; fileEncoding = 4; lastKnownFileType = text.json; path = "ProductDetails-Id80.json"; sourceTree = "<group>"; };
		10CF362F216FB94F00CA464F /* ProductDetails-Id14.json */ = {isa = PBXFileReference; fileEncoding = 4; lastKnownFileType = text.json; path = "ProductDetails-Id14.json"; sourceTree = "<group>"; };
		10CF3630216FB94F00CA464F /* ProductDetails-Id22.json */ = {isa = PBXFileReference; fileEncoding = 4; lastKnownFileType = text.json; path = "ProductDetails-Id22.json"; sourceTree = "<group>"; };
		10CF3631216FB94F00CA464F /* ProductDetails-Id63.json */ = {isa = PBXFileReference; fileEncoding = 4; lastKnownFileType = text.json; path = "ProductDetails-Id63.json"; sourceTree = "<group>"; };
		10CF3632216FB94F00CA464F /* ProductDetails-Id34.json */ = {isa = PBXFileReference; fileEncoding = 4; lastKnownFileType = text.json; path = "ProductDetails-Id34.json"; sourceTree = "<group>"; };
		10CF3633216FB94F00CA464F /* ProductDetails-Id7.json */ = {isa = PBXFileReference; fileEncoding = 4; lastKnownFileType = text.json; path = "ProductDetails-Id7.json"; sourceTree = "<group>"; };
		10CF3634216FB94F00CA464F /* ProductDetails-Id18.json */ = {isa = PBXFileReference; fileEncoding = 4; lastKnownFileType = text.json; path = "ProductDetails-Id18.json"; sourceTree = "<group>"; };
		10CF3677216FB97500CA464F /* stub_generator.py */ = {isa = PBXFileReference; fileEncoding = 4; lastKnownFileType = text.script.python; path = stub_generator.py; sourceTree = "<group>"; };
/* End PBXFileReference section */

/* Begin PBXFrameworksBuildPhase section */
		10A49130216B689F00E2DBDD /* Frameworks */ = {
			isa = PBXFrameworksBuildPhase;
			buildActionMask = 2147483647;
			files = (
			);
			runOnlyForDeploymentPostprocessing = 0;
		};
		10A49144216B68A100E2DBDD /* Frameworks */ = {
			isa = PBXFrameworksBuildPhase;
			buildActionMask = 2147483647;
			files = (
			);
			runOnlyForDeploymentPostprocessing = 0;
		};
/* End PBXFrameworksBuildPhase section */

/* Begin PBXGroup section */
		1092F9E2216D4415002EE93F /* AddToCartView */ = {
			isa = PBXGroup;
			children = (
				1092F9DE216D43FD002EE93F /* AddToCartView.swift */,
				1092F9E0216D4411002EE93F /* AddToCartView.xib */,
			);
			path = AddToCartView;
			sourceTree = "<group>";
		};
		10A4912A216B689F00E2DBDD = {
			isa = PBXGroup;
			children = (
				10A49135216B689F00E2DBDD /* RetailStore */,
				10A4914A216B68A100E2DBDD /* RetailStoreTests */,
				10A49134216B689F00E2DBDD /* Products */,
			);
			sourceTree = "<group>";
		};
		10A49134216B689F00E2DBDD /* Products */ = {
			isa = PBXGroup;
			children = (
				10A49133216B689F00E2DBDD /* RetailStore.app */,
				10A49147216B68A100E2DBDD /* RetailStoreTests.xctest */,
			);
			name = Products;
			sourceTree = "<group>";
		};
		10A49135216B689F00E2DBDD /* RetailStore */ = {
			isa = PBXGroup;
			children = (
				10A49156216B68B600E2DBDD /* Requirement.pdf */,
				10A49136216B689F00E2DBDD /* AppDelegate.swift */,
				10A49169216B80EE00E2DBDD /* Configuration.swift */,
				10A49183216B8EF000E2DBDD /* Alias.swift */,
				10A4913A216B689F00E2DBDD /* Main.storyboard */,
				10CF34FC216F6A8F00CA464F /* CartManager */,
				10A49187216B924F00E2DBDD /* Extension */,
				10A4917B216B8BAB00E2DBDD /* UI */,
				10A49171216B850300E2DBDD /* Network */,
				10A49163216B6F1200E2DBDD /* Views */,
				10A49158216B6A9400E2DBDD /* Controller */,
				10A49159216B6B0500E2DBDD /* Models */,
				10A49180216B8DF200E2DBDD /* ViewModel */,
				10A49188216B936A00E2DBDD /* Stub */,
				10A49166216B724E00E2DBDD /* Resources */,
				10A49142216B68A100E2DBDD /* Info.plist */,
			);
			path = RetailStore;
			sourceTree = "<group>";
		};
		10A4914A216B68A100E2DBDD /* RetailStoreTests */ = {
			isa = PBXGroup;
			children = (
				10A4914B216B68A100E2DBDD /* RetailStoreTests.swift */,
				10A4914D216B68A100E2DBDD /* Info.plist */,
			);
			path = RetailStoreTests;
			sourceTree = "<group>";
		};
		10A49158216B6A9400E2DBDD /* Controller */ = {
			isa = PBXGroup;
			children = (
				10A49138216B689F00E2DBDD /* SectionVC.swift */,
				10A49189216BB87900E2DBDD /* SectionVC+Delegates.swift */,
				10A49174216B86CD00E2DBDD /* ProductsVC.swift */,
				10A4918D216BC71900E2DBDD /* ProductsVC+Delegates.swift */,
				1092F9E3216DDEA1002EE93F /* ProductDetailsVC.swift */,
				1092F9E7216DE564002EE93F /* ProductDetailsVC+Delegates.swift */,
				10A4919D216C626D00E2DBDD /* ShoppingCartVC.swift */,
				1092F9F3216E21A4002EE93F /* ShoppingCartVC+Delegates.swift */,
				1092F9ED216E1897002EE93F /* ProfileVC.swift */,
				1092F9EF216E1AD7002EE93F /* ProfileVC+Delegates.swift */,
			);
			path = Controller;
			sourceTree = "<group>";
		};
		10A49159216B6B0500E2DBDD /* Models */ = {
			isa = PBXGroup;
			children = (
				10CF34F6216E794300CA464F /* Protocols.swift */,
				10A49167216B805100E2DBDD /* Response.swift */,
				10A4915A216B6B1400E2DBDD /* Section.swift */,
				10A4915E216B6CE300E2DBDD /* Product.swift */,
				10CF34F8216E796300CA464F /* ProductDetails.swift */,
				1092F9FC216E3F73002EE93F /* CartItem.swift */,
			);
			path = Models;
			sourceTree = "<group>";
		};
		10A49163216B6F1200E2DBDD /* Views */ = {
			isa = PBXGroup;
			children = (
				10A49164216B6F4C00E2DBDD /* SectionCell.swift */,
				10A49172216B868400E2DBDD /* ProductCell.swift */,
				1092F9E5216DE3B4002EE93F /* ImagesCell.swift */,
				1092F9F1216E2146002EE93F /* CartCell.swift */,
				10A49176216B8B1200E2DBDD /* LoadingView */,
				1092F9E2216D4415002EE93F /* AddToCartView */,
			);
			path = Views;
			sourceTree = "<group>";
		};
		10A49166216B724E00E2DBDD /* Resources */ = {
			isa = PBXGroup;
			children = (
				10A4913D216B68A100E2DBDD /* Assets.xcassets */,
				10A4913F216B68A100E2DBDD /* LaunchScreen.storyboard */,
			);
			path = Resources;
			sourceTree = "<group>";
		};
		10A49171216B850300E2DBDD /* Network */ = {
			isa = PBXGroup;
			children = (
				10A4916D216B84FC00E2DBDD /* EndPoint.swift */,
				10A4916B216B84FC00E2DBDD /* NetworkManager.swift */,
				10A4916C216B84FC00E2DBDD /* URLManager.swift */,
			);
			path = Network;
			sourceTree = "<group>";
		};
		10A49176216B8B1200E2DBDD /* LoadingView */ = {
			isa = PBXGroup;
			children = (
				10A49178216B8B1200E2DBDD /* LoadingView.swift */,
				10A49177216B8B1200E2DBDD /* LoadingView.xib */,
			);
			path = LoadingView;
			sourceTree = "<group>";
		};
		10A4917B216B8BAB00E2DBDD /* UI */ = {
			isa = PBXGroup;
			children = (
				1092F9F5216E315B002EE93F /* TabBarManager.swift */,
				10A4917C216B8BAB00E2DBDD /* Navigation.swift */,
				10A4917D216B8BAB00E2DBDD /* ActivityIndicator.swift */,
			);
			path = UI;
			sourceTree = "<group>";
		};
		10A49180216B8DF200E2DBDD /* ViewModel */ = {
			isa = PBXGroup;
			children = (
				10A49181216B8DFF00E2DBDD /* PagingViewModel.swift */,
				1092F9EB216E03D5002EE93F /* ProductDetailsViewModel.swift */,
			);
			path = ViewModel;
			sourceTree = "<group>";
		};
		10A49187216B924F00E2DBDD /* Extension */ = {
			isa = PBXGroup;
			children = (
				10A49185216B924900E2DBDD /* UIView+Extension.swift */,
				10CF34FD216F85CF00CA464F /* UIView+Constraints+Extension.swift */,
				1092F9F7216E37E6002EE93F /* UITabBarItem+Extension.swift */,
			);
			path = Extension;
			sourceTree = "<group>";
		};
		10A49188216B936A00E2DBDD /* Stub */ = {
			isa = PBXGroup;
			children = (
				10A4918B216BBA8C00E2DBDD /* StubManager.swift */,
				10CF34FF216F932D00CA464F /* JSON */,
			);
			path = Stub;
			sourceTree = "<group>";
		};
		10CF34FC216F6A8F00CA464F /* CartManager */ = {
			isa = PBXGroup;
			children = (
				1092F9FA216E3D7A002EE93F /* CartManager.swift */,
				10CF34FA216F6A8500CA464F /* StoreCartManager.swift */,
			);
			path = CartManager;
			sourceTree = "<group>";
		};
		10CF34FF216F932D00CA464F /* JSON */ = {
			isa = PBXGroup;
			children = (
				10CF3677216FB97500CA464F /* stub_generator.py */,
				10A4915C216B6C8200E2DBDD /* Section.json */,
				10CF35F1216FB94F00CA464F /* Products */,
				10CF35F8216FB94F00CA464F /* ProductDetails */,
			);
			path = JSON;
			sourceTree = "<group>";
		};
		10CF35F1216FB94F00CA464F /* Products */ = {
			isa = PBXGroup;
			children = (
				10CF35F5216FB94F00CA464F /* Product-SectionId1-Page0.json */,
				10CF35F6216FB94F00CA464F /* Product-SectionId1-Page1.json */,
				10CF35F2216FB94F00CA464F /* Product-SectionId1-Page2.json */,
				10CF35F3216FB94F00CA464F /* Product-SectionId2-Page0.json */,
				10CF35F4216FB94F00CA464F /* Product-SectionId3-Page0.json */,
				10CF35F7216FB94F00CA464F /* Product-SectionId4-Page0.json */,
			);
			path = Products;
			sourceTree = "<group>";
		};
		10CF35F8216FB94F00CA464F /* ProductDetails */ = {
			isa = PBXGroup;
			children = (
				10CF3620216FB94F00CA464F /* ProductDetails-Id1.json */,
				10CF360D216FB94F00CA464F /* ProductDetails-Id2.json */,
				10CF360E216FB94F00CA464F /* ProductDetails-Id3.json */,
				10CF35FC216FB94F00CA464F /* ProductDetails-Id4.json */,
				10CF3602216FB94F00CA464F /* ProductDetails-Id5.json */,
				10CF3624216FB94F00CA464F /* ProductDetails-Id6.json */,
				10CF3633216FB94F00CA464F /* ProductDetails-Id7.json */,
				10CF35FE216FB94F00CA464F /* ProductDetails-Id8.json */,
				10CF3600216FB94F00CA464F /* ProductDetails-Id9.json */,
				10CF3613216FB94F00CA464F /* ProductDetails-Id10.json */,
				10CF3608216FB94F00CA464F /* ProductDetails-Id11.json */,
				10CF3622216FB94F00CA464F /* ProductDetails-Id12.json */,
				10CF3616216FB94F00CA464F /* ProductDetails-Id13.json */,
				10CF362F216FB94F00CA464F /* ProductDetails-Id14.json */,
				10CF362A216FB94F00CA464F /* ProductDetails-Id15.json */,
				10CF35FF216FB94F00CA464F /* ProductDetails-Id16.json */,
				10CF35FD216FB94F00CA464F /* ProductDetails-Id17.json */,
				10CF3634216FB94F00CA464F /* ProductDetails-Id18.json */,
				10CF3625216FB94F00CA464F /* ProductDetails-Id19.json */,
				10CF3606216FB94F00CA464F /* ProductDetails-Id20.json */,
				10CF35F9216FB94F00CA464F /* ProductDetails-Id21.json */,
				10CF3630216FB94F00CA464F /* ProductDetails-Id22.json */,
				10CF3628216FB94F00CA464F /* ProductDetails-Id23.json */,
				10CF361C216FB94F00CA464F /* ProductDetails-Id24.json */,
				10CF361B216FB94F00CA464F /* ProductDetails-Id25.json */,
				10CF3611216FB94F00CA464F /* ProductDetails-Id26.json */,
				10CF360A216FB94F00CA464F /* ProductDetails-Id27.json */,
				10CF3621216FB94F00CA464F /* ProductDetails-Id28.json */,
				10CF3617216FB94F00CA464F /* ProductDetails-Id29.json */,
				10CF360F216FB94F00CA464F /* ProductDetails-Id30.json */,
				10CF360C216FB94F00CA464F /* ProductDetails-Id31.json */,
				10CF361E216FB94F00CA464F /* ProductDetails-Id32.json */,
				10CF3619216FB94F00CA464F /* ProductDetails-Id33.json */,
				10CF3632216FB94F00CA464F /* ProductDetails-Id34.json */,
				10CF3626216FB94F00CA464F /* ProductDetails-Id35.json */,
				10CF3603216FB94F00CA464F /* ProductDetails-Id36.json */,
				10CF35FB216FB94F00CA464F /* ProductDetails-Id37.json */,
				10CF3607216FB94F00CA464F /* ProductDetails-Id46.json */,
				10CF3614216FB94F00CA464F /* ProductDetails-Id47.json */,
				10CF3618216FB94F00CA464F /* ProductDetails-Id48.json */,
				10CF361F216FB94F00CA464F /* ProductDetails-Id49.json */,
				10CF3609216FB94F00CA464F /* ProductDetails-Id50.json */,
				10CF3612216FB94F00CA464F /* ProductDetails-Id51.json */,
				10CF3615216FB94F00CA464F /* ProductDetails-Id52.json */,
				10CF3623216FB94F00CA464F /* ProductDetails-Id53.json */,
				10CF3629216FB94F00CA464F /* ProductDetails-Id54.json */,
				10CF3604216FB94F00CA464F /* ProductDetails-Id61.json */,
				10CF3627216FB94F00CA464F /* ProductDetails-Id62.json */,
				10CF3631216FB94F00CA464F /* ProductDetails-Id63.json */,
				10CF361A216FB94F00CA464F /* ProductDetails-Id64.json */,
				10CF361D216FB94F00CA464F /* ProductDetails-Id65.json */,
				10CF360B216FB94F00CA464F /* ProductDetails-Id66.json */,
				10CF3610216FB94F00CA464F /* ProductDetails-Id67.json */,
				10CF35FA216FB94F00CA464F /* ProductDetails-Id76.json */,
				10CF3605216FB94F00CA464F /* ProductDetails-Id77.json */,
				10CF362C216FB94F00CA464F /* ProductDetails-Id78.json */,
				10CF362D216FB94F00CA464F /* ProductDetails-Id79.json */,
				10CF362E216FB94F00CA464F /* ProductDetails-Id80.json */,
				10CF362B216FB94F00CA464F /* ProductDetails-Id81.json */,
				10CF3601216FB94F00CA464F /* ProductDetails-Id82.json */,
			);
			path = ProductDetails;
			sourceTree = "<group>";
		};
/* End PBXGroup section */

/* Begin PBXNativeTarget section */
		10A49132216B689F00E2DBDD /* RetailStore */ = {
			isa = PBXNativeTarget;
			buildConfigurationList = 10A49150216B68A100E2DBDD /* Build configuration list for PBXNativeTarget "RetailStore" */;
			buildPhases = (
				10A4912F216B689F00E2DBDD /* Sources */,
				10A49130216B689F00E2DBDD /* Frameworks */,
				10A49131216B689F00E2DBDD /* Resources */,
			);
			buildRules = (
			);
			dependencies = (
			);
			name = RetailStore;
			productName = RetailStore;
			productReference = 10A49133216B689F00E2DBDD /* RetailStore.app */;
			productType = "com.apple.product-type.application";
		};
		10A49146216B68A100E2DBDD /* RetailStoreTests */ = {
			isa = PBXNativeTarget;
			buildConfigurationList = 10A49153216B68A100E2DBDD /* Build configuration list for PBXNativeTarget "RetailStoreTests" */;
			buildPhases = (
				10A49143216B68A100E2DBDD /* Sources */,
				10A49144216B68A100E2DBDD /* Frameworks */,
				10A49145216B68A100E2DBDD /* Resources */,
			);
			buildRules = (
			);
			dependencies = (
				10A49149216B68A100E2DBDD /* PBXTargetDependency */,
			);
			name = RetailStoreTests;
			productName = RetailStoreTests;
			productReference = 10A49147216B68A100E2DBDD /* RetailStoreTests.xctest */;
			productType = "com.apple.product-type.bundle.unit-test";
		};
/* End PBXNativeTarget section */

/* Begin PBXProject section */
		10A4912B216B689F00E2DBDD /* Project object */ = {
			isa = PBXProject;
			attributes = {
				LastSwiftUpdateCheck = 1000;
				LastUpgradeCheck = 1000;
				ORGANIZATIONNAME = "Jitendra Gandhi";
				TargetAttributes = {
					10A49132216B689F00E2DBDD = {
						CreatedOnToolsVersion = 10.0;
					};
					10A49146216B68A100E2DBDD = {
						CreatedOnToolsVersion = 10.0;
						TestTargetID = 10A49132216B689F00E2DBDD;
					};
				};
			};
			buildConfigurationList = 10A4912E216B689F00E2DBDD /* Build configuration list for PBXProject "RetailStore" */;
			compatibilityVersion = "Xcode 9.3";
			developmentRegion = en;
			hasScannedForEncodings = 0;
			knownRegions = (
				en,
				Base,
			);
			mainGroup = 10A4912A216B689F00E2DBDD;
			productRefGroup = 10A49134216B689F00E2DBDD /* Products */;
			projectDirPath = "";
			projectRoot = "";
			targets = (
				10A49132216B689F00E2DBDD /* RetailStore */,
				10A49146216B68A100E2DBDD /* RetailStoreTests */,
			);
		};
/* End PBXProject section */

/* Begin PBXResourcesBuildPhase section */
		10A49131216B689F00E2DBDD /* Resources */ = {
			isa = PBXResourcesBuildPhase;
			buildActionMask = 2147483647;
			files = (
				10CF3651216FB95000CA464F /* ProductDetails-Id30.json in Resources */,
				10CF3637216FB95000CA464F /* Product-SectionId3-Page0.json in Resources */,
				10CF3642216FB95000CA464F /* ProductDetails-Id9.json in Resources */,
				10CF3645216FB95000CA464F /* ProductDetails-Id36.json in Resources */,
				10CF363C216FB95000CA464F /* ProductDetails-Id76.json in Resources */,
				10CF3669216FB95000CA464F /* ProductDetails-Id62.json in Resources */,
				10CF366E216FB95000CA464F /* ProductDetails-Id78.json in Resources */,
				10CF3662216FB95000CA464F /* ProductDetails-Id1.json in Resources */,
				10CF3666216FB95000CA464F /* ProductDetails-Id6.json in Resources */,
				10A49141216B68A100E2DBDD /* LaunchScreen.storyboard in Resources */,
				10CF3673216FB95000CA464F /* ProductDetails-Id63.json in Resources */,
				10CF364A216FB95000CA464F /* ProductDetails-Id11.json in Resources */,
				10CF366B216FB95000CA464F /* ProductDetails-Id54.json in Resources */,
				10CF3638216FB95000CA464F /* Product-SectionId1-Page0.json in Resources */,
				10CF3659216FB95000CA464F /* ProductDetails-Id29.json in Resources */,
				10CF3664216FB95000CA464F /* ProductDetails-Id12.json in Resources */,
				10CF3652216FB95000CA464F /* ProductDetails-Id67.json in Resources */,
				10CF3635216FB95000CA464F /* Product-SectionId1-Page2.json in Resources */,
				10CF364C216FB95000CA464F /* ProductDetails-Id27.json in Resources */,
				10CF3657216FB95000CA464F /* ProductDetails-Id52.json in Resources */,
				10CF363E216FB95000CA464F /* ProductDetails-Id4.json in Resources */,
				10CF365B216FB95000CA464F /* ProductDetails-Id33.json in Resources */,
				10CF3647216FB95000CA464F /* ProductDetails-Id77.json in Resources */,
				10CF3656216FB95000CA464F /* ProductDetails-Id47.json in Resources */,
				10CF364E216FB95000CA464F /* ProductDetails-Id31.json in Resources */,
				10CF3672216FB95000CA464F /* ProductDetails-Id22.json in Resources */,
				10CF366A216FB95000CA464F /* ProductDetails-Id23.json in Resources */,
				10CF3653216FB95000CA464F /* ProductDetails-Id26.json in Resources */,
				10CF3667216FB95000CA464F /* ProductDetails-Id19.json in Resources */,
				10CF3648216FB95000CA464F /* ProductDetails-Id20.json in Resources */,
				10CF364D216FB95000CA464F /* ProductDetails-Id66.json in Resources */,
				10CF366C216FB95000CA464F /* ProductDetails-Id15.json in Resources */,
				10CF3650216FB95000CA464F /* ProductDetails-Id3.json in Resources */,
				10CF3678216FB97500CA464F /* stub_generator.py in Resources */,
				10CF3639216FB95000CA464F /* Product-SectionId1-Page1.json in Resources */,
				10CF3646216FB95000CA464F /* ProductDetails-Id61.json in Resources */,
				10CF3671216FB95000CA464F /* ProductDetails-Id14.json in Resources */,
				10CF365E216FB95000CA464F /* ProductDetails-Id24.json in Resources */,
				1092F9E1216D4411002EE93F /* AddToCartView.xib in Resources */,
				10CF3660216FB95000CA464F /* ProductDetails-Id32.json in Resources */,
				10A4915D216B6C8200E2DBDD /* Section.json in Resources */,
				10CF3644216FB95000CA464F /* ProductDetails-Id5.json in Resources */,
				10CF363B216FB95000CA464F /* ProductDetails-Id21.json in Resources */,
				10CF365A216FB95000CA464F /* ProductDetails-Id48.json in Resources */,
				10CF363F216FB95000CA464F /* ProductDetails-Id17.json in Resources */,
				10CF3655216FB95000CA464F /* ProductDetails-Id10.json in Resources */,
				10CF366D216FB95000CA464F /* ProductDetails-Id81.json in Resources */,
				10CF3675216FB95000CA464F /* ProductDetails-Id7.json in Resources */,
				10A49179216B8B1200E2DBDD /* LoadingView.xib in Resources */,
				10CF3649216FB95000CA464F /* ProductDetails-Id46.json in Resources */,
				10CF363D216FB95000CA464F /* ProductDetails-Id37.json in Resources */,
				10CF363A216FB95000CA464F /* Product-SectionId4-Page0.json in Resources */,
				10CF3663216FB95000CA464F /* ProductDetails-Id28.json in Resources */,
				10CF3674216FB95000CA464F /* ProductDetails-Id34.json in Resources */,
				10CF3665216FB95000CA464F /* ProductDetails-Id53.json in Resources */,
				10CF3661216FB95000CA464F /* ProductDetails-Id49.json in Resources */,
				10CF3636216FB95000CA464F /* Product-SectionId2-Page0.json in Resources */,
				10CF364B216FB95000CA464F /* ProductDetails-Id50.json in Resources */,
				10CF3641216FB95000CA464F /* ProductDetails-Id16.json in Resources */,
				10CF365F216FB95000CA464F /* ProductDetails-Id65.json in Resources */,
				10CF366F216FB95000CA464F /* ProductDetails-Id79.json in Resources */,
				10CF3654216FB95000CA464F /* ProductDetails-Id51.json in Resources */,
				10CF365D216FB95000CA464F /* ProductDetails-Id25.json in Resources */,
				10CF3640216FB95000CA464F /* ProductDetails-Id8.json in Resources */,
				10CF3658216FB95000CA464F /* ProductDetails-Id13.json in Resources */,
				10CF365C216FB95000CA464F /* ProductDetails-Id64.json in Resources */,
				10CF3676216FB95000CA464F /* ProductDetails-Id18.json in Resources */,
				10CF3668216FB95000CA464F /* ProductDetails-Id35.json in Resources */,
				10CF364F216FB95000CA464F /* ProductDetails-Id2.json in Resources */,
				10CF3670216FB95000CA464F /* ProductDetails-Id80.json in Resources */,
				10CF3643216FB95000CA464F /* ProductDetails-Id82.json in Resources */,
				10A4913E216B68A100E2DBDD /* Assets.xcassets in Resources */,
				10A4913C216B689F00E2DBDD /* Main.storyboard in Resources */,
			);
			runOnlyForDeploymentPostprocessing = 0;
		};
		10A49145216B68A100E2DBDD /* Resources */ = {
			isa = PBXResourcesBuildPhase;
			buildActionMask = 2147483647;
			files = (
			);
			runOnlyForDeploymentPostprocessing = 0;
		};
/* End PBXResourcesBuildPhase section */

/* Begin PBXSourcesBuildPhase section */
		10A4912F216B689F00E2DBDD /* Sources */ = {
			isa = PBXSourcesBuildPhase;
			buildActionMask = 2147483647;
			files = (
				1092F9F8216E37E6002EE93F /* UITabBarItem+Extension.swift in Sources */,
				10A49184216B8EF000E2DBDD /* Alias.swift in Sources */,
				10CF34FE216F85CF00CA464F /* UIView+Constraints+Extension.swift in Sources */,
				1092F9F2216E2146002EE93F /* CartCell.swift in Sources */,
				10A4915B216B6B1400E2DBDD /* Section.swift in Sources */,
				1092F9DF216D43FD002EE93F /* AddToCartView.swift in Sources */,
				10A4918E216BC71A00E2DBDD /* ProductsVC+Delegates.swift in Sources */,
				1092F9F4216E21A4002EE93F /* ShoppingCartVC+Delegates.swift in Sources */,
				10CF34FB216F6A8500CA464F /* StoreCartManager.swift in Sources */,
				10A4917F216B8BAB00E2DBDD /* ActivityIndicator.swift in Sources */,
				10A49182216B8DFF00E2DBDD /* PagingViewModel.swift in Sources */,
				10A4918A216BB87900E2DBDD /* SectionVC+Delegates.swift in Sources */,
				10A4918C216BBA8C00E2DBDD /* StubManager.swift in Sources */,
				10CF34F7216E794300CA464F /* Protocols.swift in Sources */,
				10A49173216B868400E2DBDD /* ProductCell.swift in Sources */,
				10A4915F216B6CE400E2DBDD /* Product.swift in Sources */,
				1092F9FD216E3F73002EE93F /* CartItem.swift in Sources */,
				1092F9E8216DE564002EE93F /* ProductDetailsVC+Delegates.swift in Sources */,
				1092F9EC216E03D5002EE93F /* ProductDetailsViewModel.swift in Sources */,
				10A49170216B84FD00E2DBDD /* EndPoint.swift in Sources */,
				10CF34F9216E796300CA464F /* ProductDetails.swift in Sources */,
				1092F9E6216DE3B4002EE93F /* ImagesCell.swift in Sources */,
				1092F9FB216E3D7A002EE93F /* CartManager.swift in Sources */,
				10A4916F216B84FD00E2DBDD /* URLManager.swift in Sources */,
				10A4916A216B80EE00E2DBDD /* Configuration.swift in Sources */,
				1092F9EE216E1897002EE93F /* ProfileVC.swift in Sources */,
				10A4919E216C626D00E2DBDD /* ShoppingCartVC.swift in Sources */,
				10A49139216B689F00E2DBDD /* SectionVC.swift in Sources */,
				10A4916E216B84FD00E2DBDD /* NetworkManager.swift in Sources */,
				10A49175216B86CD00E2DBDD /* ProductsVC.swift in Sources */,
				1092F9E4216DDEA1002EE93F /* ProductDetailsVC.swift in Sources */,
				1092F9F0216E1AD7002EE93F /* ProfileVC+Delegates.swift in Sources */,
				10A49186216B924900E2DBDD /* UIView+Extension.swift in Sources */,
				1092F9F9216E39D4002EE93F /* TabBarManager.swift in Sources */,
				10A4917E216B8BAB00E2DBDD /* Navigation.swift in Sources */,
				10A49165216B6F4D00E2DBDD /* SectionCell.swift in Sources */,
				10A49168216B805100E2DBDD /* Response.swift in Sources */,
				10A4917A216B8B1200E2DBDD /* LoadingView.swift in Sources */,
				10A49137216B689F00E2DBDD /* AppDelegate.swift in Sources */,
			);
			runOnlyForDeploymentPostprocessing = 0;
		};
		10A49143216B68A100E2DBDD /* Sources */ = {
			isa = PBXSourcesBuildPhase;
			buildActionMask = 2147483647;
			files = (
				10A4914C216B68A100E2DBDD /* RetailStoreTests.swift in Sources */,
			);
			runOnlyForDeploymentPostprocessing = 0;
		};
/* End PBXSourcesBuildPhase section */

/* Begin PBXTargetDependency section */
		10A49149216B68A100E2DBDD /* PBXTargetDependency */ = {
			isa = PBXTargetDependency;
			target = 10A49132216B689F00E2DBDD /* RetailStore */;
			targetProxy = 10A49148216B68A100E2DBDD /* PBXContainerItemProxy */;
		};
/* End PBXTargetDependency section */

/* Begin PBXVariantGroup section */
		10A4913A216B689F00E2DBDD /* Main.storyboard */ = {
			isa = PBXVariantGroup;
			children = (
				10A4913B216B689F00E2DBDD /* Base */,
			);
			name = Main.storyboard;
			sourceTree = "<group>";
		};
		10A4913F216B68A100E2DBDD /* LaunchScreen.storyboard */ = {
			isa = PBXVariantGroup;
			children = (
				10A49140216B68A100E2DBDD /* Base */,
			);
			name = LaunchScreen.storyboard;
			sourceTree = "<group>";
		};
/* End PBXVariantGroup section */

/* Begin XCBuildConfiguration section */
		10A4914E216B68A100E2DBDD /* Debug */ = {
			isa = XCBuildConfiguration;
			buildSettings = {
				ALWAYS_SEARCH_USER_PATHS = NO;
				CLANG_ANALYZER_NONNULL = YES;
				CLANG_ANALYZER_NUMBER_OBJECT_CONVERSION = YES_AGGRESSIVE;
				CLANG_CXX_LANGUAGE_STANDARD = "gnu++14";
				CLANG_CXX_LIBRARY = "libc++";
				CLANG_ENABLE_MODULES = YES;
				CLANG_ENABLE_OBJC_ARC = YES;
				CLANG_ENABLE_OBJC_WEAK = YES;
				CLANG_WARN_BLOCK_CAPTURE_AUTORELEASING = YES;
				CLANG_WARN_BOOL_CONVERSION = YES;
				CLANG_WARN_COMMA = YES;
				CLANG_WARN_CONSTANT_CONVERSION = YES;
				CLANG_WARN_DEPRECATED_OBJC_IMPLEMENTATIONS = YES;
				CLANG_WARN_DIRECT_OBJC_ISA_USAGE = YES_ERROR;
				CLANG_WARN_DOCUMENTATION_COMMENTS = YES;
				CLANG_WARN_EMPTY_BODY = YES;
				CLANG_WARN_ENUM_CONVERSION = YES;
				CLANG_WARN_INFINITE_RECURSION = YES;
				CLANG_WARN_INT_CONVERSION = YES;
				CLANG_WARN_NON_LITERAL_NULL_CONVERSION = YES;
				CLANG_WARN_OBJC_IMPLICIT_RETAIN_SELF = YES;
				CLANG_WARN_OBJC_LITERAL_CONVERSION = YES;
				CLANG_WARN_OBJC_ROOT_CLASS = YES_ERROR;
				CLANG_WARN_RANGE_LOOP_ANALYSIS = YES;
				CLANG_WARN_STRICT_PROTOTYPES = YES;
				CLANG_WARN_SUSPICIOUS_MOVE = YES;
				CLANG_WARN_UNGUARDED_AVAILABILITY = YES_AGGRESSIVE;
				CLANG_WARN_UNREACHABLE_CODE = YES;
				CLANG_WARN__DUPLICATE_METHOD_MATCH = YES;
				CODE_SIGN_IDENTITY = "iPhone Developer";
				COPY_PHASE_STRIP = NO;
				DEBUG_INFORMATION_FORMAT = dwarf;
				ENABLE_STRICT_OBJC_MSGSEND = YES;
				ENABLE_TESTABILITY = YES;
				GCC_C_LANGUAGE_STANDARD = gnu11;
				GCC_DYNAMIC_NO_PIC = NO;
				GCC_NO_COMMON_BLOCKS = YES;
				GCC_OPTIMIZATION_LEVEL = 0;
				GCC_PREPROCESSOR_DEFINITIONS = (
					"DEBUG=1",
					"$(inherited)",
				);
				GCC_WARN_64_TO_32_BIT_CONVERSION = YES;
				GCC_WARN_ABOUT_RETURN_TYPE = YES_ERROR;
				GCC_WARN_UNDECLARED_SELECTOR = YES;
				GCC_WARN_UNINITIALIZED_AUTOS = YES_AGGRESSIVE;
				GCC_WARN_UNUSED_FUNCTION = YES;
				GCC_WARN_UNUSED_VARIABLE = YES;
				IPHONEOS_DEPLOYMENT_TARGET = 12.0;
				MTL_ENABLE_DEBUG_INFO = INCLUDE_SOURCE;
				MTL_FAST_MATH = YES;
				ONLY_ACTIVE_ARCH = YES;
				SDKROOT = iphoneos;
				SWIFT_ACTIVE_COMPILATION_CONDITIONS = DEBUG;
				SWIFT_OPTIMIZATION_LEVEL = "-Onone";
			};
			name = Debug;
		};
		10A4914F216B68A100E2DBDD /* Release */ = {
			isa = XCBuildConfiguration;
			buildSettings = {
				ALWAYS_SEARCH_USER_PATHS = NO;
				CLANG_ANALYZER_NONNULL = YES;
				CLANG_ANALYZER_NUMBER_OBJECT_CONVERSION = YES_AGGRESSIVE;
				CLANG_CXX_LANGUAGE_STANDARD = "gnu++14";
				CLANG_CXX_LIBRARY = "libc++";
				CLANG_ENABLE_MODULES = YES;
				CLANG_ENABLE_OBJC_ARC = YES;
				CLANG_ENABLE_OBJC_WEAK = YES;
				CLANG_WARN_BLOCK_CAPTURE_AUTORELEASING = YES;
				CLANG_WARN_BOOL_CONVERSION = YES;
				CLANG_WARN_COMMA = YES;
				CLANG_WARN_CONSTANT_CONVERSION = YES;
				CLANG_WARN_DEPRECATED_OBJC_IMPLEMENTATIONS = YES;
				CLANG_WARN_DIRECT_OBJC_ISA_USAGE = YES_ERROR;
				CLANG_WARN_DOCUMENTATION_COMMENTS = YES;
				CLANG_WARN_EMPTY_BODY = YES;
				CLANG_WARN_ENUM_CONVERSION = YES;
				CLANG_WARN_INFINITE_RECURSION = YES;
				CLANG_WARN_INT_CONVERSION = YES;
				CLANG_WARN_NON_LITERAL_NULL_CONVERSION = YES;
				CLANG_WARN_OBJC_IMPLICIT_RETAIN_SELF = YES;
				CLANG_WARN_OBJC_LITERAL_CONVERSION = YES;
				CLANG_WARN_OBJC_ROOT_CLASS = YES_ERROR;
				CLANG_WARN_RANGE_LOOP_ANALYSIS = YES;
				CLANG_WARN_STRICT_PROTOTYPES = YES;
				CLANG_WARN_SUSPICIOUS_MOVE = YES;
				CLANG_WARN_UNGUARDED_AVAILABILITY = YES_AGGRESSIVE;
				CLANG_WARN_UNREACHABLE_CODE = YES;
				CLANG_WARN__DUPLICATE_METHOD_MATCH = YES;
				CODE_SIGN_IDENTITY = "iPhone Developer";
				COPY_PHASE_STRIP = NO;
				DEBUG_INFORMATION_FORMAT = "dwarf-with-dsym";
				ENABLE_NS_ASSERTIONS = NO;
				ENABLE_STRICT_OBJC_MSGSEND = YES;
				GCC_C_LANGUAGE_STANDARD = gnu11;
				GCC_NO_COMMON_BLOCKS = YES;
				GCC_WARN_64_TO_32_BIT_CONVERSION = YES;
				GCC_WARN_ABOUT_RETURN_TYPE = YES_ERROR;
				GCC_WARN_UNDECLARED_SELECTOR = YES;
				GCC_WARN_UNINITIALIZED_AUTOS = YES_AGGRESSIVE;
				GCC_WARN_UNUSED_FUNCTION = YES;
				GCC_WARN_UNUSED_VARIABLE = YES;
				IPHONEOS_DEPLOYMENT_TARGET = 12.0;
				MTL_ENABLE_DEBUG_INFO = NO;
				MTL_FAST_MATH = YES;
				SDKROOT = iphoneos;
				SWIFT_COMPILATION_MODE = wholemodule;
				SWIFT_OPTIMIZATION_LEVEL = "-O";
				VALIDATE_PRODUCT = YES;
			};
			name = Release;
		};
		10A49151216B68A100E2DBDD /* Debug */ = {
			isa = XCBuildConfiguration;
			buildSettings = {
				ASSETCATALOG_COMPILER_APPICON_NAME = AppIcon;
				CODE_SIGN_STYLE = Automatic;
				INFOPLIST_FILE = RetailStore/Info.plist;
				IPHONEOS_DEPLOYMENT_TARGET = 10.0;
				LD_RUNPATH_SEARCH_PATHS = (
					"$(inherited)",
					"@executable_path/Frameworks",
				);
				PRODUCT_BUNDLE_IDENTIFIER = com.itsji10dra.RetailStore;
				PRODUCT_NAME = "$(TARGET_NAME)";
				SWIFT_VERSION = 4.2;
				TARGETED_DEVICE_FAMILY = 1;
			};
			name = Debug;
		};
		10A49152216B68A100E2DBDD /* Release */ = {
			isa = XCBuildConfiguration;
			buildSettings = {
				ASSETCATALOG_COMPILER_APPICON_NAME = AppIcon;
				CODE_SIGN_STYLE = Automatic;
				INFOPLIST_FILE = RetailStore/Info.plist;
				IPHONEOS_DEPLOYMENT_TARGET = 10.0;
				LD_RUNPATH_SEARCH_PATHS = (
					"$(inherited)",
					"@executable_path/Frameworks",
				);
				PRODUCT_BUNDLE_IDENTIFIER = com.itsji10dra.RetailStore;
				PRODUCT_NAME = "$(TARGET_NAME)";
				SWIFT_VERSION = 4.2;
				TARGETED_DEVICE_FAMILY = 1;
			};
			name = Release;
		};
		10A49154216B68A100E2DBDD /* Debug */ = {
			isa = XCBuildConfiguration;
			buildSettings = {
				ALWAYS_EMBED_SWIFT_STANDARD_LIBRARIES = YES;
				BUNDLE_LOADER = "$(TEST_HOST)";
				CODE_SIGN_STYLE = Automatic;
				INFOPLIST_FILE = RetailStoreTests/Info.plist;
				LD_RUNPATH_SEARCH_PATHS = (
					"$(inherited)",
					"@executable_path/Frameworks",
					"@loader_path/Frameworks",
				);
				PRODUCT_BUNDLE_IDENTIFIER = com.itsji10dra.RetailStoreTests;
				PRODUCT_NAME = "$(TARGET_NAME)";
				SWIFT_VERSION = 4.2;
				TARGETED_DEVICE_FAMILY = "1,2";
				TEST_HOST = "$(BUILT_PRODUCTS_DIR)/RetailStore.app/RetailStore";
			};
			name = Debug;
		};
		10A49155216B68A100E2DBDD /* Release */ = {
			isa = XCBuildConfiguration;
			buildSettings = {
				ALWAYS_EMBED_SWIFT_STANDARD_LIBRARIES = YES;
				BUNDLE_LOADER = "$(TEST_HOST)";
				CODE_SIGN_STYLE = Automatic;
				INFOPLIST_FILE = RetailStoreTests/Info.plist;
				LD_RUNPATH_SEARCH_PATHS = (
					"$(inherited)",
					"@executable_path/Frameworks",
					"@loader_path/Frameworks",
				);
				PRODUCT_BUNDLE_IDENTIFIER = com.itsji10dra.RetailStoreTests;
				PRODUCT_NAME = "$(TARGET_NAME)";
				SWIFT_VERSION = 4.2;
				TARGETED_DEVICE_FAMILY = "1,2";
				TEST_HOST = "$(BUILT_PRODUCTS_DIR)/RetailStore.app/RetailStore";
			};
			name = Release;
		};
/* End XCBuildConfiguration section */

/* Begin XCConfigurationList section */
		10A4912E216B689F00E2DBDD /* Build configuration list for PBXProject "RetailStore" */ = {
			isa = XCConfigurationList;
			buildConfigurations = (
				10A4914E216B68A100E2DBDD /* Debug */,
				10A4914F216B68A100E2DBDD /* Release */,
			);
			defaultConfigurationIsVisible = 0;
			defaultConfigurationName = Release;
		};
		10A49150216B68A100E2DBDD /* Build configuration list for PBXNativeTarget "RetailStore" */ = {
			isa = XCConfigurationList;
			buildConfigurations = (
				10A49151216B68A100E2DBDD /* Debug */,
				10A49152216B68A100E2DBDD /* Release */,
			);
			defaultConfigurationIsVisible = 0;
			defaultConfigurationName = Release;
		};
		10A49153216B68A100E2DBDD /* Build configuration list for PBXNativeTarget "RetailStoreTests" */ = {
			isa = XCConfigurationList;
			buildConfigurations = (
				10A49154216B68A100E2DBDD /* Debug */,
				10A49155216B68A100E2DBDD /* Release */,
			);
			defaultConfigurationIsVisible = 0;
			defaultConfigurationName = Release;
		};
/* End XCConfigurationList section */
	};
	rootObject = 10A4912B216B689F00E2DBDD /* Project object */;
}
